# @generated by Move, please check-in and do not edit manually.

[move]
version = 3
manifest_digest = "C70DF00DF12F844DDF8D257EE463B2BDBB0DDB75FE02306BF115210260466FD4"
deps_digest = "F9B494B64F0615AED0E98FC12A85B85ECD2BC5185C22D30E7F67786BB52E507C"
dependencies = [
  { id = "Bridge", name = "Bridge" },
  { id = "MoveStdlib", name = "MoveStdlib" },
  { id = "Sui", name = "Sui" },
  { id = "SuiSystem", name = "SuiSystem" },
]

[[move.package]]
id = "Bridge"
source = { git = "https://github.com/MystenLabs/sui.git", rev = "cc6c1eb8b4b542466f8d32fedb9b19c894414b52", subdir = "crates/sui-framework/packages/bridge" }

dependencies = [
  { id = "MoveStdlib", name = "MoveStdlib" },
  { id = "Sui", name = "Sui" },
  { id = "SuiSystem", name = "SuiSystem" },
]

[[move.package]]
id = "MoveStdlib"
source = { git = "https://github.com/MystenLabs/sui.git", rev = "cc6c1eb8b4b542466f8d32fedb9b19c894414b52", subdir = "crates/sui-framework/packages/move-stdlib" }

[[move.package]]
id = "Sui"
source = { git = "https://github.com/MystenLabs/sui.git", rev = "cc6c1eb8b4b542466f8d32fedb9b19c894414b52", subdir = "crates/sui-framework/packages/sui-framework" }

dependencies = [
  { id = "MoveStdlib", name = "MoveStdlib" },
]

[[move.package]]
id = "SuiSystem"
source = { git = "https://github.com/MystenLabs/sui.git", rev = "cc6c1eb8b4b542466f8d32fedb9b19c894414b52", subdir = "crates/sui-framework/packages/sui-system" }

dependencies = [
  { id = "MoveStdlib", name = "MoveStdlib" },
  { id = "Sui", name = "Sui" },
]

[move.toolchain-version]
compiler-version = "1.53.0"
edition = "2024.beta"
flavor = "sui"

[env]

[env.testnet]
chain-id = "4c78adac"
original-published-id = "0xc93e06ba5a9b604a8d18f1b339393c97e1b14e125d1c05215ca5205aa24ba9c7"
latest-published-id = "0xc93e06ba5a9b604a8d18f1b339393c97e1b14e125d1c05215ca5205aa24ba9c7"
published-version = "1"
